
Microsoft Visual Studio Solution File, Format Version 12.00
# Visual Studio 15
VisualStudioVersion = 15.0.28010.2050
MinimumVisualStudioVersion = 10.0.40219.1
Project("{8BC9CEB8-8B4A-11D0-8D11-00A0C91BC942}") = "MFC_max_word_chain", "MFC_max_word_chain\MFC_max_word_chain.vcxproj", "{6BE248B3-21BF-4EC7-BEF0-2E148646AFEF}"
EndProject
Global
	GlobalSection(SolutionConfigurationPlatforms) = preSolution
		Debug|x64 = Debug|x64
		Debug|x86 = Debug|x86
		Release|x64 = Release|x64
		Release|x86 = Release|x86
	EndGlobalSection
	GlobalSection(ProjectConfigurationPlatforms) = postSolution
		{6BE248B3-21BF-4EC7-BEF0-2E148646AFEF}.Debug|x64.ActiveCfg = Debug|x64
		{6BE248B3-21BF-4EC7-BEF0-2E148646AFEF}.Debug|x64.Build.0 = Debug|x64
		{6BE248B3-21BF-4EC7-BEF0-2E148646AFEF}.Debug|x86.ActiveCfg = Debug|Win32
		{6BE248B3-21BF-4EC7-BEF0-2E148646AFEF}.Debug|x86.Build.0 = Debug|Win32
		{6BE248B3-21BF-4EC7-BEF0-2E148646AFEF}.Release|x64.ActiveCfg = Release|x64
		{6BE248B3-21BF-4EC7-BEF0-2E148646AFEF}.Release|x64.Build.0 = Release|x64
		{6BE248B3-21BF-4EC7-BEF0-2E148646AFEF}.Release|x86.ActiveCfg = Release|Win32
		{6BE248B3-21BF-4EC7-BEF0-2E148646AFEF}.Release|x86.Build.0 = Release|Win32
	EndGlobalSection
	GlobalSection(SolutionProperties) = preSolution
		HideSolutionNode = FALSE
	EndGlobalSection
	GlobalSection(ExtensibilityGlobals) = postSolution
		SolutionGuid = {47CAC61D-2592-42B3-AEE7-6EA9D46CD676}
	EndGlobalSection
EndGlobal
