
Microsoft Visual Studio Solution File, Format Version 12.00
# Visual Studio 15
VisualStudioVersion = 15.0.28010.2050
MinimumVisualStudioVersion = 10.0.40219.1
Project("{8BC9CEB8-8B4A-11D0-8D11-00A0C91BC942}") = "max_word_chain", "max_word_chain\max_word_chain.vcxproj", "{298F7012-3E15-49A1-9165-FA20DB0B076C}"
EndProject
Project("{8BC9CEB8-8B4A-11D0-8D11-00A0C91BC942}") = "CoreUnitTest1", "CoreUnitTest1\CoreUnitTest1.vcxproj", "{B09C883F-44E4-4723-AFCD-BE554E05D8D4}"
EndProject
Global
	GlobalSection(SolutionConfigurationPlatforms) = preSolution
		Debug|x64 = Debug|x64
		Debug|x86 = Debug|x86
		Release|x64 = Release|x64
		Release|x86 = Release|x86
	EndGlobalSection
	GlobalSection(ProjectConfigurationPlatforms) = postSolution
		{298F7012-3E15-49A1-9165-FA20DB0B076C}.Debug|x64.ActiveCfg = Debug|x64
		{298F7012-3E15-49A1-9165-FA20DB0B076C}.Debug|x64.Build.0 = Debug|x64
		{298F7012-3E15-49A1-9165-FA20DB0B076C}.Debug|x86.ActiveCfg = Debug|Win32
		{298F7012-3E15-49A1-9165-FA20DB0B076C}.Debug|x86.Build.0 = Debug|Win32
		{298F7012-3E15-49A1-9165-FA20DB0B076C}.Release|x64.ActiveCfg = Release|x64
		{298F7012-3E15-49A1-9165-FA20DB0B076C}.Release|x64.Build.0 = Release|x64
		{298F7012-3E15-49A1-9165-FA20DB0B076C}.Release|x86.ActiveCfg = Release|Win32
		{298F7012-3E15-49A1-9165-FA20DB0B076C}.Release|x86.Build.0 = Release|Win32
		{B09C883F-44E4-4723-AFCD-BE554E05D8D4}.Debug|x64.ActiveCfg = Debug|x64
		{B09C883F-44E4-4723-AFCD-BE554E05D8D4}.Debug|x64.Build.0 = Debug|x64
		{B09C883F-44E4-4723-AFCD-BE554E05D8D4}.Debug|x86.ActiveCfg = Debug|Win32
		{B09C883F-44E4-4723-AFCD-BE554E05D8D4}.Debug|x86.Build.0 = Debug|Win32
		{B09C883F-44E4-4723-AFCD-BE554E05D8D4}.Release|x64.ActiveCfg = Release|x64
		{B09C883F-44E4-4723-AFCD-BE554E05D8D4}.Release|x64.Build.0 = Release|x64
		{B09C883F-44E4-4723-AFCD-BE554E05D8D4}.Release|x86.ActiveCfg = Release|Win32
		{B09C883F-44E4-4723-AFCD-BE554E05D8D4}.Release|x86.Build.0 = Release|Win32
	EndGlobalSection
	GlobalSection(SolutionProperties) = preSolution
		HideSolutionNode = FALSE
	EndGlobalSection
	GlobalSection(ExtensibilityGlobals) = postSolution
		SolutionGuid = {47CAC61D-2592-42B3-AEE7-6EA9D46CD676}
	EndGlobalSection
EndGlobal
